# This file is automatically @generated by Poetry 2.5.1 and should not be changed by hand.

[[package]]
name = "packaging"
version = "26.3"
description = "Core utilities for Python packages"
optional = false
python-versions = ">=3.9"
groups = ["main"]
files = [
    {file = "packaging-26.3-py3-none-any.whl", hash = "sha256:d7193f7c8e4e93f444fde0262bf90af30e16fa0ad0ad44cb553c87339b23cd1c"},
    {file = "packaging-26.3.tar.gz", hash = "sha256:94edc256424af38762eb31306eed28beb9f0efc50a8837492c9d6fd6004aed79"},
]

[metadata]
lock-version = "2.1"
python-versions = ">=3.10"
content-hash = "84070f5fecfd0949607a6d43b9095783ae2b7702dde9fd4dbece3a5db6b70612"
